
Microsoft Visual Studio Solution File, Format Version 12.00
# Visual Studio Version 16
VisualStudioVersion = 16.0.809.1
MinimumVisualStudioVersion = 10.0.40219.1
Project("{FAE04EC0-301F-11D3-BF4B-00C04F79EFBC}") = "VistorManagement", "VistorManagement\VistorManagement.csproj", "{296A63B4-B7CB-488F-AEB2-63A9C6BA022C}"
EndProject
Global
	GlobalSection(SolutionConfigurationPlatforms) = preSolution
		Debug|Any CPU = Debug|Any CPU
		Release|Any CPU = Release|Any CPU
	EndGlobalSection
	GlobalSection(ProjectConfigurationPlatforms) = postSolution
		{296A63B4-B7CB-488F-AEB2-63A9C6BA022C}.Debug|Any CPU.ActiveCfg = Debug|Any CPU
		{296A63B4-B7CB-488F-AEB2-63A9C6BA022C}.Debug|Any CPU.Build.0 = Debug|Any CPU
		{296A63B4-B7CB-488F-AEB2-63A9C6BA022C}.Release|Any CPU.ActiveCfg = Release|Any CPU
		{296A63B4-B7CB-488F-AEB2-63A9C6BA022C}.Release|Any CPU.Build.0 = Release|Any CPU
	EndGlobalSection
	GlobalSection(SolutionProperties) = preSolution
		HideSolutionNode = FALSE
	EndGlobalSection
	GlobalSection(ExtensibilityGlobals) = postSolution
		SolutionGuid = {52DBBE58-1010-49EA-AE16-4BB27505E60A}
	EndGlobalSection
EndGlobal
